
Microsoft Visual Studio Solution File, Format Version 12.00
# Visual Studio Version 16
VisualStudioVersion = 16.0.31727.386
MinimumVisualStudioVersion = 10.0.40219.1
Project("{2150E333-8FDC-42A3-9474-1A3956D46DE8}") = "ShopManagement", "ShopManagement", "{B3E1C8F6-A140-4C6F-A7A7-7D40E6054B9C}"
EndProject
Project("{2150E333-8FDC-42A3-9474-1A3956D46DE8}") = "SM.Application", "SM.Application", "{C6FCAFCF-6123-4C70-9E04-47EDB8807FBB}"
EndProject
Project("{2150E333-8FDC-42A3-9474-1A3956D46DE8}") = "SM.Domain", "SM.Domain", "{3467AD57-4F29-4A0E-BD4D-EC687F5F52E2}"
EndProject
Project("{9A19103F-16F7-4668-BE54-9A1E7A4F7556}") = "0_Framework", "0_Framework\0_Framework.csproj", "{6C8FEC4C-D39F-4C64-BBEB-A5FA4EAC7022}"
EndProject
Project("{9A19103F-16F7-4668-BE54-9A1E7A4F7556}") = "SM.Domain", "SM.Domain\SM.Domain.csproj", "{7FA04EDD-8306-43EE-A58D-4A37033A4060}"
EndProject
Project("{9A19103F-16F7-4668-BE54-9A1E7A4F7556}") = "ShopManagement.Application.Contracts", "SM.Application\ShopManagement.Application.Contracts.csproj", "{1D684EA8-8D07-4195-AA1D-CEC8729760B7}"
EndProject
Project("{9A19103F-16F7-4668-BE54-9A1E7A4F7556}") = "ShopManagement.Application", "ShopManegement.Application\ShopManagement.Application.csproj", "{FA6778BC-D684-4FCC-B5B6-28B2EF9C1C6A}"
EndProject
Project("{2150E333-8FDC-42A3-9474-1A3956D46DE8}") = "SM.Infrastructure", "SM.Infrastructure", "{1509148B-17A6-49FA-BE79-78D5957F34A1}"
EndProject
Project("{9A19103F-16F7-4668-BE54-9A1E7A4F7556}") = "ShopManagement.Infrastructure.EfCore", "ShopManagement.Infrastructure.EfCore\ShopManagement.Infrastructure.EfCore.csproj", "{5144B865-DBBF-4280-B695-4231EF31EC7F}"
EndProject
Project("{9A19103F-16F7-4668-BE54-9A1E7A4F7556}") = "ShopManagement.Configuration", "ShopManagment.Configuration\ShopManagement.Configuration.csproj", "{11316CEC-ED8A-4C84-88BE-A704D9AEBFEE}"
EndProject
Project("{9A19103F-16F7-4668-BE54-9A1E7A4F7556}") = "ServiceHosts", "ServiceHosts\ServiceHosts.csproj", "{A0FD0A49-67FB-4A7E-96B7-2C8B10E8A070}"
EndProject
Project("{9A19103F-16F7-4668-BE54-9A1E7A4F7556}") = "01_LampshadeQuery", "01_LampshadeQuery\01_LampshadeQuery.csproj", "{4DECE8DD-E4F2-4930-90FA-33A6D2CF2F36}"
EndProject
Project("{2150E333-8FDC-42A3-9474-1A3956D46DE8}") = "DiscountManagment", "DiscountManagment", "{CABF545A-E0C7-48FB-B232-A79102A07EB6}"
EndProject
Project("{2150E333-8FDC-42A3-9474-1A3956D46DE8}") = "DM.Domain", "DM.Domain", "{92452020-3610-4F60-A03C-33CC6A253C0E}"
EndProject
Project("{2150E333-8FDC-42A3-9474-1A3956D46DE8}") = "DM.Application", "DM.Application", "{0C382E33-F9AB-4BD7-9A4D-898733CA9EF7}"
EndProject
Project("{2150E333-8FDC-42A3-9474-1A3956D46DE8}") = "DM.Infrastructure", "DM.Infrastructure", "{4F987B3C-D0D8-4ED0-9DD3-27073FFDC547}"
EndProject
Project("{9A19103F-16F7-4668-BE54-9A1E7A4F7556}") = "DiscountManagement.Domain", "DiscountManagement.Domain\DiscountManagement.Domain.csproj", "{4E9474AF-AC85-4A7A-A238-4CD5A7E92D9A}"
EndProject
Project("{9A19103F-16F7-4668-BE54-9A1E7A4F7556}") = "DiscountManagement.Application", "DiscountManagement.Application\DiscountManagement.Application.csproj", "{7D36670D-8811-4728-85FA-51C175FC6271}"
EndProject
Project("{9A19103F-16F7-4668-BE54-9A1E7A4F7556}") = "DiscountManagement.Application.Contracts", "DiscountManagement.Application.Contracts\DiscountManagement.Application.Contracts.csproj", "{4A0C3DC4-3B6F-4824-9833-56CD88E89AEE}"
EndProject
Project("{9A19103F-16F7-4668-BE54-9A1E7A4F7556}") = "DiscountManagement.Infrastructure.EfCore", "DiscountManagment.Insfrastructure.EfCore\DiscountManagement.Infrastructure.EfCore.csproj", "{97172CCD-60F3-422E-B543-C0AF87888C3D}"
EndProject
Project("{9A19103F-16F7-4668-BE54-9A1E7A4F7556}") = "DiscountManagement.Infrastructure.Configuration", "DiscountManagement.Infrastructure.Configuration\DiscountManagement.Infrastructure.Configuration.csproj", "{9E5C7D01-E892-4322-BFDE-61B3BEC9EAB1}"
EndProject
Project("{2150E333-8FDC-42A3-9474-1A3956D46DE8}") = "InventoryManagement", "InventoryManagement", "{76A2AD6D-4484-4516-91F5-180BD3C3D928}"
EndProject
Project("{2150E333-8FDC-42A3-9474-1A3956D46DE8}") = "IM.Domain", "IM.Domain", "{F428ECF1-624D-4F85-9A73-BCCDC6B3B48D}"
EndProject
Project("{9A19103F-16F7-4668-BE54-9A1E7A4F7556}") = "InventoryManagement.Domain", "InventoryManagement.Domain\InventoryManagement.Domain.csproj", "{0739E805-C44F-4BC7-B5E9-C680FF12C0CC}"
EndProject
Project("{2150E333-8FDC-42A3-9474-1A3956D46DE8}") = "IM.Application", "IM.Application", "{45FD9B31-1B9E-4253-82D7-0B5F63CEDE97}"
EndProject
Project("{9A19103F-16F7-4668-BE54-9A1E7A4F7556}") = "InventoryManagement.ApplicationContracts", "InventoryManagement.ApplicationContracts\InventoryManagement.ApplicationContracts.csproj", "{2B30BFCC-CC12-4816-B18E-959ECA5BE789}"
EndProject
Project("{2150E333-8FDC-42A3-9474-1A3956D46DE8}") = "IM.Infrastructure", "IM.Infrastructure", "{FF258F97-5732-4C77-B0BF-FA06B905FFF1}"
EndProject
Project("{9A19103F-16F7-4668-BE54-9A1E7A4F7556}") = "InventoryManagement.Infrastructure.EfCore", "InventoryManagement.Infastructure.EfCore\InventoryManagement.Infrastructure.EfCore.csproj", "{BF92F0ED-5BBC-495D-A829-CFDDBDF7EF22}"
EndProject
Project("{9A19103F-16F7-4668-BE54-9A1E7A4F7556}") = "InventoryManagement.Infrastructure.Configuration", "InventoryManagement.Infrastructure.Configuration\InventoryManagement.Infrastructure.Configuration.csproj", "{629C8CD1-9C9C-4A09-B78F-CDB2B12065E1}"
EndProject
Project("{9A19103F-16F7-4668-BE54-9A1E7A4F7556}") = "InventoryManagement.Application", "InventoryManagement.Application\InventoryManagement.Application.csproj", "{7F598BBF-35A6-4FF6-A217-3FA3DC568026}"
EndProject
Project("{2150E333-8FDC-42A3-9474-1A3956D46DE8}") = "BlogManagement", "BlogManagement", "{0771E276-D243-49AA-9F5E-F6F133AF131D}"
EndProject
Project("{2150E333-8FDC-42A3-9474-1A3956D46DE8}") = "BM.Domain", "BM.Domain", "{E921469A-934E-413A-AC15-DF474C8BEF39}"
EndProject
Project("{FAE04EC0-301F-11D3-BF4B-00C04F79EFBC}") = "BlogManagement.Domain", "BlogManagement.Domain\BlogManagement.Domain.csproj", "{4ADE42FB-17DD-4596-9527-B791FE30F75E}"
EndProject
Project("{2150E333-8FDC-42A3-9474-1A3956D46DE8}") = "BM.Application", "BM.Application", "{F398AE53-D622-4788-AB81-A8AE30CDBB52}"
EndProject
Project("{FAE04EC0-301F-11D3-BF4B-00C04F79EFBC}") = "BlogManagement.Application.Contracts", "BlogManagement.Application.Contracts\BlogManagement.Application.Contracts.csproj", "{9C28CE91-219D-4FE4-9BFA-F56809BF7023}"
EndProject
Project("{FAE04EC0-301F-11D3-BF4B-00C04F79EFBC}") = "BlogManagement.Application", "BlogManagement.Application\BlogManagement.Application.csproj", "{02270B70-68FF-43B8-8B0C-5085B377445D}"
EndProject
Project("{2150E333-8FDC-42A3-9474-1A3956D46DE8}") = "BM.Infrastructure", "BM.Infrastructure", "{8BFE55DC-6F72-40D7-B88D-CB718F1D84D8}"
EndProject
Project("{FAE04EC0-301F-11D3-BF4B-00C04F79EFBC}") = "BlogManagement.Infrastructure.EfCore", "BlogManagement.Infrastructure.EfCore\BlogManagement.Infrastructure.EfCore.csproj", "{955F4AEA-3F13-4405-970F-979AA71DE162}"
EndProject
Project("{FAE04EC0-301F-11D3-BF4B-00C04F79EFBC}") = "BlogManagement.Infrastructure.Configuration", "BlogManagement.Infrastructure.Configuration\BlogManagement.Infrastructure.Configuration.csproj", "{41103193-5E8C-4147-98E9-ABA73CC6DCD9}"
EndProject
Global
	GlobalSection(SolutionConfigurationPlatforms) = preSolution
		Debug|Any CPU = Debug|Any CPU
		Release|Any CPU = Release|Any CPU
	EndGlobalSection
	GlobalSection(ProjectConfigurationPlatforms) = postSolution
		{6C8FEC4C-D39F-4C64-BBEB-A5FA4EAC7022}.Debug|Any CPU.ActiveCfg = Debug|Any CPU
		{6C8FEC4C-D39F-4C64-BBEB-A5FA4EAC7022}.Debug|Any CPU.Build.0 = Debug|Any CPU
		{6C8FEC4C-D39F-4C64-BBEB-A5FA4EAC7022}.Release|Any CPU.ActiveCfg = Release|Any CPU
		{6C8FEC4C-D39F-4C64-BBEB-A5FA4EAC7022}.Release|Any CPU.Build.0 = Release|Any CPU
		{7FA04EDD-8306-43EE-A58D-4A37033A4060}.Debug|Any CPU.ActiveCfg = Debug|Any CPU
		{7FA04EDD-8306-43EE-A58D-4A37033A4060}.Debug|Any CPU.Build.0 = Debug|Any CPU
		{7FA04EDD-8306-43EE-A58D-4A37033A4060}.Release|Any CPU.ActiveCfg = Release|Any CPU
		{7FA04EDD-8306-43EE-A58D-4A37033A4060}.Release|Any CPU.Build.0 = Release|Any CPU
		{1D684EA8-8D07-4195-AA1D-CEC8729760B7}.Debug|Any CPU.ActiveCfg = Debug|Any CPU
		{1D684EA8-8D07-4195-AA1D-CEC8729760B7}.Debug|Any CPU.Build.0 = Debug|Any CPU
		{1D684EA8-8D07-4195-AA1D-CEC8729760B7}.Release|Any CPU.ActiveCfg = Release|Any CPU
		{1D684EA8-8D07-4195-AA1D-CEC8729760B7}.Release|Any CPU.Build.0 = Release|Any CPU
		{FA6778BC-D684-4FCC-B5B6-28B2EF9C1C6A}.Debug|Any CPU.ActiveCfg = Debug|Any CPU
		{FA6778BC-D684-4FCC-B5B6-28B2EF9C1C6A}.Debug|Any CPU.Build.0 = Debug|Any CPU
		{FA6778BC-D684-4FCC-B5B6-28B2EF9C1C6A}.Release|Any CPU.ActiveCfg = Release|Any CPU
		{FA6778BC-D684-4FCC-B5B6-28B2EF9C1C6A}.Release|Any CPU.Build.0 = Release|Any CPU
		{5144B865-DBBF-4280-B695-4231EF31EC7F}.Debug|Any CPU.ActiveCfg = Debug|Any CPU
		{5144B865-DBBF-4280-B695-4231EF31EC7F}.Debug|Any CPU.Build.0 = Debug|Any CPU
		{5144B865-DBBF-4280-B695-4231EF31EC7F}.Release|Any CPU.ActiveCfg = Release|Any CPU
		{5144B865-DBBF-4280-B695-4231EF31EC7F}.Release|Any CPU.Build.0 = Release|Any CPU
		{11316CEC-ED8A-4C84-88BE-A704D9AEBFEE}.Debug|Any CPU.ActiveCfg = Debug|Any CPU
		{11316CEC-ED8A-4C84-88BE-A704D9AEBFEE}.Debug|Any CPU.Build.0 = Debug|Any CPU
		{11316CEC-ED8A-4C84-88BE-A704D9AEBFEE}.Release|Any CPU.ActiveCfg = Release|Any CPU
		{11316CEC-ED8A-4C84-88BE-A704D9AEBFEE}.Release|Any CPU.Build.0 = Release|Any CPU
		{A0FD0A49-67FB-4A7E-96B7-2C8B10E8A070}.Debug|Any CPU.ActiveCfg = Debug|Any CPU
		{A0FD0A49-67FB-4A7E-96B7-2C8B10E8A070}.Debug|Any CPU.Build.0 = Debug|Any CPU
		{A0FD0A49-67FB-4A7E-96B7-2C8B10E8A070}.Release|Any CPU.ActiveCfg = Release|Any CPU
		{A0FD0A49-67FB-4A7E-96B7-2C8B10E8A070}.Release|Any CPU.Build.0 = Release|Any CPU
		{4DECE8DD-E4F2-4930-90FA-33A6D2CF2F36}.Debug|Any CPU.ActiveCfg = Debug|Any CPU
		{4DECE8DD-E4F2-4930-90FA-33A6D2CF2F36}.Debug|Any CPU.Build.0 = Debug|Any CPU
		{4DECE8DD-E4F2-4930-90FA-33A6D2CF2F36}.Release|Any CPU.ActiveCfg = Release|Any CPU
		{4DECE8DD-E4F2-4930-90FA-33A6D2CF2F36}.Release|Any CPU.Build.0 = Release|Any CPU
		{4E9474AF-AC85-4A7A-A238-4CD5A7E92D9A}.Debug|Any CPU.ActiveCfg = Debug|Any CPU
		{4E9474AF-AC85-4A7A-A238-4CD5A7E92D9A}.Debug|Any CPU.Build.0 = Debug|Any CPU
		{4E9474AF-AC85-4A7A-A238-4CD5A7E92D9A}.Release|Any CPU.ActiveCfg = Release|Any CPU
		{4E9474AF-AC85-4A7A-A238-4CD5A7E92D9A}.Release|Any CPU.Build.0 = Release|Any CPU
		{7D36670D-8811-4728-85FA-51C175FC6271}.Debug|Any CPU.ActiveCfg = Debug|Any CPU
		{7D36670D-8811-4728-85FA-51C175FC6271}.Debug|Any CPU.Build.0 = Debug|Any CPU
		{7D36670D-8811-4728-85FA-51C175FC6271}.Release|Any CPU.ActiveCfg = Release|Any CPU
		{7D36670D-8811-4728-85FA-51C175FC6271}.Release|Any CPU.Build.0 = Release|Any CPU
		{4A0C3DC4-3B6F-4824-9833-56CD88E89AEE}.Debug|Any CPU.ActiveCfg = Debug|Any CPU
		{4A0C3DC4-3B6F-4824-9833-56CD88E89AEE}.Debug|Any CPU.Build.0 = Debug|Any CPU
		{4A0C3DC4-3B6F-4824-9833-56CD88E89AEE}.Release|Any CPU.ActiveCfg = Release|Any CPU
		{4A0C3DC4-3B6F-4824-9833-56CD88E89AEE}.Release|Any CPU.Build.0 = Release|Any CPU
		{97172CCD-60F3-422E-B543-C0AF87888C3D}.Debug|Any CPU.ActiveCfg = Debug|Any CPU
		{97172CCD-60F3-422E-B543-C0AF87888C3D}.Debug|Any CPU.Build.0 = Debug|Any CPU
		{97172CCD-60F3-422E-B543-C0AF87888C3D}.Release|Any CPU.ActiveCfg = Release|Any CPU
		{97172CCD-60F3-422E-B543-C0AF87888C3D}.Release|Any CPU.Build.0 = Release|Any CPU
		{9E5C7D01-E892-4322-BFDE-61B3BEC9EAB1}.Debug|Any CPU.ActiveCfg = Debug|Any CPU
		{9E5C7D01-E892-4322-BFDE-61B3BEC9EAB1}.Debug|Any CPU.Build.0 = Debug|Any CPU
		{9E5C7D01-E892-4322-BFDE-61B3BEC9EAB1}.Release|Any CPU.ActiveCfg = Release|Any CPU
		{9E5C7D01-E892-4322-BFDE-61B3BEC9EAB1}.Release|Any CPU.Build.0 = Release|Any CPU
		{0739E805-C44F-4BC7-B5E9-C680FF12C0CC}.Debug|Any CPU.ActiveCfg = Debug|Any CPU
		{0739E805-C44F-4BC7-B5E9-C680FF12C0CC}.Debug|Any CPU.Build.0 = Debug|Any CPU
		{0739E805-C44F-4BC7-B5E9-C680FF12C0CC}.Release|Any CPU.ActiveCfg = Release|Any CPU
		{0739E805-C44F-4BC7-B5E9-C680FF12C0CC}.Release|Any CPU.Build.0 = Release|Any CPU
		{2B30BFCC-CC12-4816-B18E-959ECA5BE789}.Debug|Any CPU.ActiveCfg = Debug|Any CPU
		{2B30BFCC-CC12-4816-B18E-959ECA5BE789}.Debug|Any CPU.Build.0 = Debug|Any CPU
		{2B30BFCC-CC12-4816-B18E-959ECA5BE789}.Release|Any CPU.ActiveCfg = Release|Any CPU
		{2B30BFCC-CC12-4816-B18E-959ECA5BE789}.Release|Any CPU.Build.0 = Release|Any CPU
		{BF92F0ED-5BBC-495D-A829-CFDDBDF7EF22}.Debug|Any CPU.ActiveCfg = Debug|Any CPU
		{BF92F0ED-5BBC-495D-A829-CFDDBDF7EF22}.Debug|Any CPU.Build.0 = Debug|Any CPU
		{BF92F0ED-5BBC-495D-A829-CFDDBDF7EF22}.Release|Any CPU.ActiveCfg = Release|Any CPU
		{BF92F0ED-5BBC-495D-A829-CFDDBDF7EF22}.Release|Any CPU.Build.0 = Release|Any CPU
		{629C8CD1-9C9C-4A09-B78F-CDB2B12065E1}.Debug|Any CPU.ActiveCfg = Debug|Any CPU
		{629C8CD1-9C9C-4A09-B78F-CDB2B12065E1}.Debug|Any CPU.Build.0 = Debug|Any CPU
		{629C8CD1-9C9C-4A09-B78F-CDB2B12065E1}.Release|Any CPU.ActiveCfg = Release|Any CPU
		{629C8CD1-9C9C-4A09-B78F-CDB2B12065E1}.Release|Any CPU.Build.0 = Release|Any CPU
		{7F598BBF-35A6-4FF6-A217-3FA3DC568026}.Debug|Any CPU.ActiveCfg = Debug|Any CPU
		{7F598BBF-35A6-4FF6-A217-3FA3DC568026}.Debug|Any CPU.Build.0 = Debug|Any CPU
		{7F598BBF-35A6-4FF6-A217-3FA3DC568026}.Release|Any CPU.ActiveCfg = Release|Any CPU
		{7F598BBF-35A6-4FF6-A217-3FA3DC568026}.Release|Any CPU.Build.0 = Release|Any CPU
		{4ADE42FB-17DD-4596-9527-B791FE30F75E}.Debug|Any CPU.ActiveCfg = Debug|Any CPU
		{4ADE42FB-17DD-4596-9527-B791FE30F75E}.Debug|Any CPU.Build.0 = Debug|Any CPU
		{4ADE42FB-17DD-4596-9527-B791FE30F75E}.Release|Any CPU.ActiveCfg = Release|Any CPU
		{4ADE42FB-17DD-4596-9527-B791FE30F75E}.Release|Any CPU.Build.0 = Release|Any CPU
		{9C28CE91-219D-4FE4-9BFA-F56809BF7023}.Debug|Any CPU.ActiveCfg = Debug|Any CPU
		{9C28CE91-219D-4FE4-9BFA-F56809BF7023}.Debug|Any CPU.Build.0 = Debug|Any CPU
		{9C28CE91-219D-4FE4-9BFA-F56809BF7023}.Release|Any CPU.ActiveCfg = Release|Any CPU
		{9C28CE91-219D-4FE4-9BFA-F56809BF7023}.Release|Any CPU.Build.0 = Release|Any CPU
		{02270B70-68FF-43B8-8B0C-5085B377445D}.Debug|Any CPU.ActiveCfg = Debug|Any CPU
		{02270B70-68FF-43B8-8B0C-5085B377445D}.Debug|Any CPU.Build.0 = Debug|Any CPU
		{02270B70-68FF-43B8-8B0C-5085B377445D}.Release|Any CPU.ActiveCfg = Release|Any CPU
		{02270B70-68FF-43B8-8B0C-5085B377445D}.Release|Any CPU.Build.0 = Release|Any CPU
		{955F4AEA-3F13-4405-970F-979AA71DE162}.Debug|Any CPU.ActiveCfg = Debug|Any CPU
		{955F4AEA-3F13-4405-970F-979AA71DE162}.Debug|Any CPU.Build.0 = Debug|Any CPU
		{955F4AEA-3F13-4405-970F-979AA71DE162}.Release|Any CPU.ActiveCfg = Release|Any CPU
		{955F4AEA-3F13-4405-970F-979AA71DE162}.Release|Any CPU.Build.0 = Release|Any CPU
		{41103193-5E8C-4147-98E9-ABA73CC6DCD9}.Debug|Any CPU.ActiveCfg = Debug|Any CPU
		{41103193-5E8C-4147-98E9-ABA73CC6DCD9}.Debug|Any CPU.Build.0 = Debug|Any CPU
		{41103193-5E8C-4147-98E9-ABA73CC6DCD9}.Release|Any CPU.ActiveCfg = Release|Any CPU
		{41103193-5E8C-4147-98E9-ABA73CC6DCD9}.Release|Any CPU.Build.0 = Release|Any CPU
	EndGlobalSection
	GlobalSection(SolutionProperties) = preSolution
		HideSolutionNode = FALSE
	EndGlobalSection
	GlobalSection(NestedProjects) = preSolution
		{C6FCAFCF-6123-4C70-9E04-47EDB8807FBB} = {B3E1C8F6-A140-4C6F-A7A7-7D40E6054B9C}
		{3467AD57-4F29-4A0E-BD4D-EC687F5F52E2} = {B3E1C8F6-A140-4C6F-A7A7-7D40E6054B9C}
		{7FA04EDD-8306-43EE-A58D-4A37033A4060} = {3467AD57-4F29-4A0E-BD4D-EC687F5F52E2}
		{1D684EA8-8D07-4195-AA1D-CEC8729760B7} = {C6FCAFCF-6123-4C70-9E04-47EDB8807FBB}
		{FA6778BC-D684-4FCC-B5B6-28B2EF9C1C6A} = {C6FCAFCF-6123-4C70-9E04-47EDB8807FBB}
		{1509148B-17A6-49FA-BE79-78D5957F34A1} = {B3E1C8F6-A140-4C6F-A7A7-7D40E6054B9C}
		{5144B865-DBBF-4280-B695-4231EF31EC7F} = {1509148B-17A6-49FA-BE79-78D5957F34A1}
		{11316CEC-ED8A-4C84-88BE-A704D9AEBFEE} = {1509148B-17A6-49FA-BE79-78D5957F34A1}
		{92452020-3610-4F60-A03C-33CC6A253C0E} = {CABF545A-E0C7-48FB-B232-A79102A07EB6}
		{0C382E33-F9AB-4BD7-9A4D-898733CA9EF7} = {CABF545A-E0C7-48FB-B232-A79102A07EB6}
		{4F987B3C-D0D8-4ED0-9DD3-27073FFDC547} = {CABF545A-E0C7-48FB-B232-A79102A07EB6}
		{4E9474AF-AC85-4A7A-A238-4CD5A7E92D9A} = {92452020-3610-4F60-A03C-33CC6A253C0E}
		{7D36670D-8811-4728-85FA-51C175FC6271} = {0C382E33-F9AB-4BD7-9A4D-898733CA9EF7}
		{4A0C3DC4-3B6F-4824-9833-56CD88E89AEE} = {0C382E33-F9AB-4BD7-9A4D-898733CA9EF7}
		{97172CCD-60F3-422E-B543-C0AF87888C3D} = {4F987B3C-D0D8-4ED0-9DD3-27073FFDC547}
		{9E5C7D01-E892-4322-BFDE-61B3BEC9EAB1} = {4F987B3C-D0D8-4ED0-9DD3-27073FFDC547}
		{F428ECF1-624D-4F85-9A73-BCCDC6B3B48D} = {76A2AD6D-4484-4516-91F5-180BD3C3D928}
		{0739E805-C44F-4BC7-B5E9-C680FF12C0CC} = {F428ECF1-624D-4F85-9A73-BCCDC6B3B48D}
		{45FD9B31-1B9E-4253-82D7-0B5F63CEDE97} = {76A2AD6D-4484-4516-91F5-180BD3C3D928}
		{2B30BFCC-CC12-4816-B18E-959ECA5BE789} = {45FD9B31-1B9E-4253-82D7-0B5F63CEDE97}
		{FF258F97-5732-4C77-B0BF-FA06B905FFF1} = {76A2AD6D-4484-4516-91F5-180BD3C3D928}
		{BF92F0ED-5BBC-495D-A829-CFDDBDF7EF22} = {FF258F97-5732-4C77-B0BF-FA06B905FFF1}
		{629C8CD1-9C9C-4A09-B78F-CDB2B12065E1} = {FF258F97-5732-4C77-B0BF-FA06B905FFF1}
		{7F598BBF-35A6-4FF6-A217-3FA3DC568026} = {45FD9B31-1B9E-4253-82D7-0B5F63CEDE97}
		{E921469A-934E-413A-AC15-DF474C8BEF39} = {0771E276-D243-49AA-9F5E-F6F133AF131D}
		{4ADE42FB-17DD-4596-9527-B791FE30F75E} = {E921469A-934E-413A-AC15-DF474C8BEF39}
		{F398AE53-D622-4788-AB81-A8AE30CDBB52} = {0771E276-D243-49AA-9F5E-F6F133AF131D}
		{9C28CE91-219D-4FE4-9BFA-F56809BF7023} = {F398AE53-D622-4788-AB81-A8AE30CDBB52}
		{02270B70-68FF-43B8-8B0C-5085B377445D} = {F398AE53-D622-4788-AB81-A8AE30CDBB52}
		{8BFE55DC-6F72-40D7-B88D-CB718F1D84D8} = {0771E276-D243-49AA-9F5E-F6F133AF131D}
		{955F4AEA-3F13-4405-970F-979AA71DE162} = {8BFE55DC-6F72-40D7-B88D-CB718F1D84D8}
		{41103193-5E8C-4147-98E9-ABA73CC6DCD9} = {8BFE55DC-6F72-40D7-B88D-CB718F1D84D8}
	EndGlobalSection
	GlobalSection(ExtensibilityGlobals) = postSolution
		SolutionGuid = {B8CCFF51-6199-47B6-8755-A3000EEDF907}
	EndGlobalSection
EndGlobal
